
Microsoft Visual Studio Solution File, Format Version 12.00
# Visual Studio 15
VisualStudioVersion = 15.0.27703.2000
MinimumVisualStudioVersion = 10.0.40219.1
Project("{2150E333-8FDC-42A3-9474-1A3956D46DE8}") = "Solution Items", "Solution Items", "{A59C957A-C701-458D-9A7F-19E0A16DFDA7}"
	ProjectSection(SolutionItems) = preProject
		README.md = README.md
	EndProjectSection
EndProject
Project("{FAE04EC0-301F-11D3-BF4B-00C04F79EFBC}") = "GameOfLife.Domain", "Src\GameOfLife.Domain\GameOfLife.Domain.csproj", "{417BA1DB-635F-41AE-A540-CED89EDCBE78}"
EndProject
Project("{FAE04EC0-301F-11D3-BF4B-00C04F79EFBC}") = "GameOfLife.Domain.UnitTests", "Tests\GameOfLife.Domain.UnitTests\GameOfLife.Domain.UnitTests.csproj", "{4B2D3F5F-E430-47E4-8E18-74CB8D77DDB7}"
EndProject
Global
	GlobalSection(SolutionConfigurationPlatforms) = preSolution
		Debug|Any CPU = Debug|Any CPU
		Release|Any CPU = Release|Any CPU
	EndGlobalSection
	GlobalSection(ProjectConfigurationPlatforms) = postSolution
		{417BA1DB-635F-41AE-A540-CED89EDCBE78}.Debug|Any CPU.ActiveCfg = Debug|Any CPU
		{417BA1DB-635F-41AE-A540-CED89EDCBE78}.Debug|Any CPU.Build.0 = Debug|Any CPU
		{417BA1DB-635F-41AE-A540-CED89EDCBE78}.Release|Any CPU.ActiveCfg = Release|Any CPU
		{417BA1DB-635F-41AE-A540-CED89EDCBE78}.Release|Any CPU.Build.0 = Release|Any CPU
		{4B2D3F5F-E430-47E4-8E18-74CB8D77DDB7}.Debug|Any CPU.ActiveCfg = Debug|Any CPU
		{4B2D3F5F-E430-47E4-8E18-74CB8D77DDB7}.Debug|Any CPU.Build.0 = Debug|Any CPU
		{4B2D3F5F-E430-47E4-8E18-74CB8D77DDB7}.Release|Any CPU.ActiveCfg = Release|Any CPU
		{4B2D3F5F-E430-47E4-8E18-74CB8D77DDB7}.Release|Any CPU.Build.0 = Release|Any CPU
	EndGlobalSection
	GlobalSection(SolutionProperties) = preSolution
		HideSolutionNode = FALSE
	EndGlobalSection
	GlobalSection(ExtensibilityGlobals) = postSolution
		SolutionGuid = {FFED2FDE-2653-44D5-A5A9-12B6AF755825}
	EndGlobalSection
EndGlobal
